github.com/ryan-robinson1/getCertExpiry v1.0.1 h1:kvaF/4W7JrrYy5d3EGCMImSt6j+aYr+2vq12LwFjLmM=
github.com/ryan-robinson1/getCertExpiry/v2 v2.1.0 h1:s4jtzSlGkcIsd3i8DtF/3/kQAhhmMB3xWuSmSzf0PPo=
github.com/ryan-robinson1/getCertExpiry/v2 v2.1.0/go.mod h1:NfQ2m/xN6XyCQ5R21HHuCYcNd0GbznQ1y9G0Rkfp8+o=
github.com/ryan-robinson1/getCertExpiryPackage v0.0.0 h1:r+KrXQuio1+yPRfhtYumTzT5LfeUrvpgOCT+vPUynTU=
github.com/ryan-robinson1/getCertExpiryPackage v0.0.0/go.mod h1:nnYEJrpv46RVujxss/qDltRCj3x5Lj8Znl0QdeWmS/o=
